// !$*UTF8*$!
{
	archiveVersion = 1;
	classes = {
	};
	objectVersion = 46;
	objects = {

/* Begin PBXBuildFile section */
		B443FAB78F8F586522A7BB9D /* libPods-landScreen.a in Frameworks */ = {isa = PBXBuildFile; fileRef = 6060EC515D8DC06F6B67EC17 /* libPods-landScreen.a */; };
		C0DD59301D6553B3002C911F /* main.m in Sources */ = {isa = PBXBuildFile; fileRef = C0DD592F1D6553B3002C911F /* main.m */; };
		C0DD59331D6553B3002C911F /* AppDelegate.m in Sources */ = {isa = PBXBuildFile; fileRef = C0DD59321D6553B3002C911F /* AppDelegate.m */; };
		C0DD59361D6553B3002C911F /* ViewController.m in Sources */ = {isa = PBXBuildFile; fileRef = C0DD59351D6553B3002C911F /* ViewController.m */; };
		C0DD59391D6553B3002C911F /* Main.storyboard in Resources */ = {isa = PBXBuildFile; fileRef = C0DD59371D6553B3002C911F /* Main.storyboard */; };
		C0DD593B1D6553B3002C911F /* Assets.xcassets in Resources */ = {isa = PBXBuildFile; fileRef = C0DD593A1D6553B3002C911F /* Assets.xcassets */; };
		C0DD593E1D6553B3002C911F /* LaunchScreen.storyboard in Resources */ = {isa = PBXBuildFile; fileRef = C0DD593C1D6553B3002C911F /* LaunchScreen.storyboard */; };
		C0DD59491D6553B3002C911F /* landScreenTests.m in Sources */ = {isa = PBXBuildFile; fileRef = C0DD59481D6553B3002C911F /* landScreenTests.m */; };
		C0DD59541D6553B3002C911F /* landScreenUITests.m in Sources */ = {isa = PBXBuildFile; fileRef = C0DD59531D6553B3002C911F /* landScreenUITests.m */; };
		C0DD59631D6553C9002C911F /* secondViewController.m in Sources */ = {isa = PBXBuildFile; fileRef = C0DD59621D6553C9002C911F /* secondViewController.m */; };
		C0DD59661D655EFA002C911F /* CustomNavigationController.m in Sources */ = {isa = PBXBuildFile; fileRef = C0DD59651D655EFA002C911F /* CustomNavigationController.m */; };
		C0DD59691D656A98002C911F /* ThirdViewController.m in Sources */ = {isa = PBXBuildFile; fileRef = C0DD59681D656A98002C911F /* ThirdViewController.m */; };
		C0DD596C1D657A26002C911F /* FourthViewController.m in Sources */ = {isa = PBXBuildFile; fileRef = C0DD596B1D657A26002C911F /* FourthViewController.m */; };
/* End PBXBuildFile section */

/* Begin PBXContainerItemProxy section */
		C0DD59451D6553B3002C911F /* PBXContainerItemProxy */ = {
			isa = PBXContainerItemProxy;
			containerPortal = C0DD59231D6553B3002C911F /* Project object */;
			proxyType = 1;
			remoteGlobalIDString = C0DD592A1D6553B3002C911F;
			remoteInfo = landScreen;
		};
		C0DD59501D6553B3002C911F /* PBXContainerItemProxy */ = {
			isa = PBXContainerItemProxy;
			containerPortal = C0DD59231D6553B3002C911F /* Project object */;
			proxyType = 1;
			remoteGlobalIDString = C0DD592A1D6553B3002C911F;
			remoteInfo = landScreen;
		};
/* End PBXContainerItemProxy section */

/* Begin PBXFileReference section */
		6060EC515D8DC06F6B67EC17 /* libPods-landScreen.a */ = {isa = PBXFileReference; explicitFileType = archive.ar; includeInIndex = 0; path = "libPods-landScreen.a"; sourceTree = BUILT_PRODUCTS_DIR; };
		C0DD592B1D6553B3002C911F /* landScreen.app */ = {isa = PBXFileReference; explicitFileType = wrapper.application; includeInIndex = 0; path = landScreen.app; sourceTree = BUILT_PRODUCTS_DIR; };
		C0DD592F1D6553B3002C911F /* main.m */ = {isa = PBXFileReference; lastKnownFileType = sourcecode.c.objc; path = main.m; sourceTree = "<group>"; };
		C0DD59311D6553B3002C911F /* AppDelegate.h */ = {isa = PBXFileReference; lastKnownFileType = sourcecode.c.h; path = AppDelegate.h; sourceTree = "<group>"; };
		C0DD59321D6553B3002C911F /* AppDelegate.m */ = {isa = PBXFileReference; lastKnownFileType = sourcecode.c.objc; path = AppDelegate.m; sourceTree = "<group>"; };
		C0DD59341D6553B3002C911F /* ViewController.h */ = {isa = PBXFileReference; lastKnownFileType = sourcecode.c.h; path = ViewController.h; sourceTree = "<group>"; };
		C0DD59351D6553B3002C911F /* ViewController.m */ = {isa = PBXFileReference; lastKnownFileType = sourcecode.c.objc; path = ViewController.m; sourceTree = "<group>"; };
		C0DD59381D6553B3002C911F /* Base */ = {isa = PBXFileReference; lastKnownFileType = file.storyboard; name = Base; path = Base.lproj/Main.storyboard; sourceTree = "<group>"; };
		C0DD593A1D6553B3002C911F /* Assets.xcassets */ = {isa = PBXFileReference; lastKnownFileType = folder.assetcatalog; path = Assets.xcassets; sourceTree = "<group>"; };
		C0DD593D1D6553B3002C911F /* Base */ = {isa = PBXFileReference; lastKnownFileType = file.storyboard; name = Base; path = Base.lproj/LaunchScreen.storyboard; sourceTree = "<group>"; };
		C0DD593F1D6553B3002C911F /* Info.plist */ = {isa = PBXFileReference; lastKnownFileType = text.plist.xml; path = Info.plist; sourceTree = "<group>"; };
		C0DD59441D6553B3002C911F /* landScreenTests.xctest */ = {isa = PBXFileReference; explicitFileType = wrapper.cfbundle; includeInIndex = 0; path = landScreenTests.xctest; sourceTree = BUILT_PRODUCTS_DIR; };
		C0DD59481D6553B3002C911F /* landScreenTests.m */ = {isa = PBXFileReference; lastKnownFileType = sourcecode.c.objc; path = landScreenTests.m; sourceTree = "<group>"; };
		C0DD594A1D6553B3002C911F /* Info.plist */ = {isa = PBXFileReference; lastKnownFileType = text.plist.xml; path = Info.plist; sourceTree = "<group>"; };
		C0DD594F1D6553B3002C911F /* landScreenUITests.xctest */ = {isa = PBXFileReference; explicitFileType = wrapper.cfbundle; includeInIndex = 0; path = landScreenUITests.xctest; sourceTree = BUILT_PRODUCTS_DIR; };
		C0DD59531D6553B3002C911F /* landScreenUITests.m */ = {isa = PBXFileReference; lastKnownFileType = sourcecode.c.objc; path = landScreenUITests.m; sourceTree = "<group>"; };
		C0DD59551D6553B3002C911F /* Info.plist */ = {isa = PBXFileReference; lastKnownFileType = text.plist.xml; path = Info.plist; sourceTree = "<group>"; };
		C0DD59611D6553C9002C911F /* secondViewController.h */ = {isa = PBXFileReference; fileEncoding = 4; lastKnownFileType = sourcecode.c.h; path = secondViewController.h; sourceTree = "<group>"; };
		C0DD59621D6553C9002C911F /* secondViewController.m */ = {isa = PBXFileReference; fileEncoding = 4; lastKnownFileType = sourcecode.c.objc; path = secondViewController.m; sourceTree = "<group>"; };
		C0DD59641D655EFA002C911F /* CustomNavigationController.h */ = {isa = PBXFileReference; fileEncoding = 4; lastKnownFileType = sourcecode.c.h; path = CustomNavigationController.h; sourceTree = "<group>"; };
		C0DD59651D655EFA002C911F /* CustomNavigationController.m */ = {isa = PBXFileReference; fileEncoding = 4; lastKnownFileType = sourcecode.c.objc; path = CustomNavigationController.m; sourceTree = "<group>"; };
		C0DD59671D656A98002C911F /* ThirdViewController.h */ = {isa = PBXFileReference; fileEncoding = 4; lastKnownFileType = sourcecode.c.h; path = ThirdViewController.h; sourceTree = "<group>"; };
		C0DD59681D656A98002C911F /* ThirdViewController.m */ = {isa = PBXFileReference; fileEncoding = 4; lastKnownFileType = sourcecode.c.objc; path = ThirdViewController.m; sourceTree = "<group>"; };
		C0DD596A1D657A26002C911F /* FourthViewController.h */ = {isa = PBXFileReference; fileEncoding = 4; lastKnownFileType = sourcecode.c.h; path = FourthViewController.h; sourceTree = "<group>"; };
		C0DD596B1D657A26002C911F /* FourthViewController.m */ = {isa = PBXFileReference; fileEncoding = 4; lastKnownFileType = sourcecode.c.objc; path = FourthViewController.m; sourceTree = "<group>"; };
		D01564BB5823A19435D50C9F /* Pods-landScreen.release.xcconfig */ = {isa = PBXFileReference; includeInIndex = 1; lastKnownFileType = text.xcconfig; name = "Pods-landScreen.release.xcconfig"; path = "Pods/Target Support Files/Pods-landScreen/Pods-landScreen.release.xcconfig"; sourceTree = "<group>"; };
		D9A38313DF654DCA1AEEDB67 /* Pods-landScreen.debug.xcconfig */ = {isa = PBXFileReference; includeInIndex = 1; lastKnownFileType = text.xcconfig; name = "Pods-landScreen.debug.xcconfig"; path = "Pods/Target Support Files/Pods-landScreen/Pods-landScreen.debug.xcconfig"; sourceTree = "<group>"; };
/* End PBXFileReference section */

/* Begin PBXFrameworksBuildPhase section */
		C0DD59281D6553B3002C911F /* Frameworks */ = {
			isa = PBXFrameworksBuildPhase;
			buildActionMask = 2147483647;
			files = (
				B443FAB78F8F586522A7BB9D /* libPods-landScreen.a in Frameworks */,
			);
			runOnlyForDeploymentPostprocessing = 0;
		};
		C0DD59411D6553B3002C911F /* Frameworks */ = {
			isa = PBXFrameworksBuildPhase;
			buildActionMask = 2147483647;
			files = (
			);
			runOnlyForDeploymentPostprocessing = 0;
		};
		C0DD594C1D6553B3002C911F /* Frameworks */ = {
			isa = PBXFrameworksBuildPhase;
			buildActionMask = 2147483647;
			files = (
			);
			runOnlyForDeploymentPostprocessing = 0;
		};
/* End PBXFrameworksBuildPhase section */

/* Begin PBXGroup section */
		1794C8EF8024F46EAEC5645C /* Frameworks */ = {
			isa = PBXGroup;
			children = (
				6060EC515D8DC06F6B67EC17 /* libPods-landScreen.a */,
			);
			name = Frameworks;
			sourceTree = "<group>";
		};
		C0DD59221D6553B3002C911F = {
			isa = PBXGroup;
			children = (
				C0DD592D1D6553B3002C911F /* landScreen */,
				C0DD59471D6553B3002C911F /* landScreenTests */,
				C0DD59521D6553B3002C911F /* landScreenUITests */,
				C0DD592C1D6553B3002C911F /* Products */,
				CE8ED4E91DA47ABF1F354C27 /* Pods */,
				1794C8EF8024F46EAEC5645C /* Frameworks */,
			);
			sourceTree = "<group>";
		};
		C0DD592C1D6553B3002C911F /* Products */ = {
			isa = PBXGroup;
			children = (
				C0DD592B1D6553B3002C911F /* landScreen.app */,
				C0DD59441D6553B3002C911F /* landScreenTests.xctest */,
				C0DD594F1D6553B3002C911F /* landScreenUITests.xctest */,
			);
			name = Products;
			sourceTree = "<group>";
		};
		C0DD592D1D6553B3002C911F /* landScreen */ = {
			isa = PBXGroup;
			children = (
				C0DD59311D6553B3002C911F /* AppDelegate.h */,
				C0DD59321D6553B3002C911F /* AppDelegate.m */,
				C0DD59341D6553B3002C911F /* ViewController.h */,
				C0DD59351D6553B3002C911F /* ViewController.m */,
				C0DD59611D6553C9002C911F /* secondViewController.h */,
				C0DD59621D6553C9002C911F /* secondViewController.m */,
				C0DD59671D656A98002C911F /* ThirdViewController.h */,
				C0DD59681D656A98002C911F /* ThirdViewController.m */,
				C0DD596A1D657A26002C911F /* FourthViewController.h */,
				C0DD596B1D657A26002C911F /* FourthViewController.m */,
				C0DD59641D655EFA002C911F /* CustomNavigationController.h */,
				C0DD59651D655EFA002C911F /* CustomNavigationController.m */,
				C0DD59371D6553B3002C911F /* Main.storyboard */,
				C0DD593A1D6553B3002C911F /* Assets.xcassets */,
				C0DD593C1D6553B3002C911F /* LaunchScreen.storyboard */,
				C0DD593F1D6553B3002C911F /* Info.plist */,
				C0DD592E1D6553B3002C911F /* Supporting Files */,
			);
			path = landScreen;
			sourceTree = "<group>";
		};
		C0DD592E1D6553B3002C911F /* Supporting Files */ = {
			isa = PBXGroup;
			children = (
				C0DD592F1D6553B3002C911F /* main.m */,
			);
			name = "Supporting Files";
			sourceTree = "<group>";
		};
		C0DD59471D6553B3002C911F /* landScreenTests */ = {
			isa = PBXGroup;
			children = (
				C0DD59481D6553B3002C911F /* landScreenTests.m */,
				C0DD594A1D6553B3002C911F /* Info.plist */,
			);
			path = landScreenTests;
			sourceTree = "<group>";
		};
		C0DD59521D6553B3002C911F /* landScreenUITests */ = {
			isa = PBXGroup;
			children = (
				C0DD59531D6553B3002C911F /* landScreenUITests.m */,
				C0DD59551D6553B3002C911F /* Info.plist */,
			);
			path = landScreenUITests;
			sourceTree = "<group>";
		};
		CE8ED4E91DA47ABF1F354C27 /* Pods */ = {
			isa = PBXGroup;
			children = (
				D9A38313DF654DCA1AEEDB67 /* Pods-landScreen.debug.xcconfig */,
				D01564BB5823A19435D50C9F /* Pods-landScreen.release.xcconfig */,
			);
			name = Pods;
			sourceTree = "<group>";
		};
/* End PBXGroup section */

/* Begin PBXNativeTarget section */
		C0DD592A1D6553B3002C911F /* landScreen */ = {
			isa = PBXNativeTarget;
			buildConfigurationList = C0DD59581D6553B3002C911F /* Build configuration list for PBXNativeTarget "landScreen" */;
			buildPhases = (
				C3A15F90E0DF6E8EA03BA2C8 /* [CP] Check Pods Manifest.lock */,
				C0DD59271D6553B3002C911F /* Sources */,
				C0DD59281D6553B3002C911F /* Frameworks */,
				C0DD59291D6553B3002C911F /* Resources */,
				2FDC1E88F829DBCFA87658F6 /* [CP] Embed Pods Frameworks */,
				C86F7DD3DDC7A3C1B9155A58 /* [CP] Copy Pods Resources */,
			);
			buildRules = (
			);
			dependencies = (
			);
			name = landScreen;
			productName = landScreen;
			productReference = C0DD592B1D6553B3002C911F /* landScreen.app */;
			productType = "com.apple.product-type.application";
		};
		C0DD59431D6553B3002C911F /* landScreenTests */ = {
			isa = PBXNativeTarget;
			buildConfigurationList = C0DD595B1D6553B3002C911F /* Build configuration list for PBXNativeTarget "landScreenTests" */;
			buildPhases = (
				C0DD59401D6553B3002C911F /* Sources */,
				C0DD59411D6553B3002C911F /* Frameworks */,
				C0DD59421D6553B3002C911F /* Resources */,
			);
			buildRules = (
			);
			dependencies = (
				C0DD59461D6553B3002C911F /* PBXTargetDependency */,
			);
			name = landScreenTests;
			productName = landScreenTests;
			productReference = C0DD59441D6553B3002C911F /* landScreenTests.xctest */;
			productType = "com.apple.product-type.bundle.unit-test";
		};
		C0DD594E1D6553B3002C911F /* landScreenUITests */ = {
			isa = PBXNativeTarget;
			buildConfigurationList = C0DD595E1D6553B3002C911F /* Build configuration list for PBXNativeTarget "landScreenUITests" */;
			buildPhases = (
				C0DD594B1D6553B3002C911F /* Sources */,
				C0DD594C1D6553B3002C911F /* Frameworks */,
				C0DD594D1D6553B3002C911F /* Resources */,
			);
			buildRules = (
			);
			dependencies = (
				C0DD59511D6553B3002C911F /* PBXTargetDependency */,
			);
			name = landScreenUITests;
			productName = landScreenUITests;
			productReference = C0DD594F1D6553B3002C911F /* landScreenUITests.xctest */;
			productType = "com.apple.product-type.bundle.ui-testing";
		};
/* End PBXNativeTarget section */

/* Begin PBXProject section */
		C0DD59231D6553B3002C911F /* Project object */ = {
			isa = PBXProject;
			attributes = {
				LastUpgradeCheck = 0730;
				ORGANIZATIONNAME = "jun zhao";
				TargetAttributes = {
					C0DD592A1D6553B3002C911F = {
						CreatedOnToolsVersion = 7.3.1;
					};
					C0DD59431D6553B3002C911F = {
						CreatedOnToolsVersion = 7.3.1;
						TestTargetID = C0DD592A1D6553B3002C911F;
					};
					C0DD594E1D6553B3002C911F = {
						CreatedOnToolsVersion = 7.3.1;
						TestTargetID = C0DD592A1D6553B3002C911F;
					};
				};
			};
			buildConfigurationList = C0DD59261D6553B3002C911F /* Build configuration list for PBXProject "landScreen" */;
			compatibilityVersion = "Xcode 3.2";
			developmentRegion = English;
			hasScannedForEncodings = 0;
			knownRegions = (
				en,
				Base,
			);
			mainGroup = C0DD59221D6553B3002C911F;
			productRefGroup = C0DD592C1D6553B3002C911F /* Products */;
			projectDirPath = "";
			projectRoot = "";
			targets = (
				C0DD592A1D6553B3002C911F /* landScreen */,
				C0DD59431D6553B3002C911F /* landScreenTests */,
				C0DD594E1D6553B3002C911F /* landScreenUITests */,
			);
		};
/* End PBXProject section */

/* Begin PBXResourcesBuildPhase section */
		C0DD59291D6553B3002C911F /* Resources */ = {
			isa = PBXResourcesBuildPhase;
			buildActionMask = 2147483647;
			files = (
				C0DD593E1D6553B3002C911F /* LaunchScreen.storyboard in Resources */,
				C0DD593B1D6553B3002C911F /* Assets.xcassets in Resources */,
				C0DD59391D6553B3002C911F /* Main.storyboard in Resources */,
			);
			runOnlyForDeploymentPostprocessing = 0;
		};
		C0DD59421D6553B3002C911F /* Resources */ = {
			isa = PBXResourcesBuildPhase;
			buildActionMask = 2147483647;
			files = (
			);
			runOnlyForDeploymentPostprocessing = 0;
		};
		C0DD594D1D6553B3002C911F /* Resources */ = {
			isa = PBXResourcesBuildPhase;
			buildActionMask = 2147483647;
			files = (
			);
			runOnlyForDeploymentPostprocessing = 0;
		};
/* End PBXResourcesBuildPhase section */

/* Begin PBXShellScriptBuildPhase section */
		2FDC1E88F829DBCFA87658F6 /* [CP] Embed Pods Frameworks */ = {
			isa = PBXShellScriptBuildPhase;
			buildActionMask = 2147483647;
			files = (
			);
			inputPaths = (
			);
			name = "[CP] Embed Pods Frameworks";
			outputPaths = (
			);
			runOnlyForDeploymentPostprocessing = 0;
			shellPath = /bin/sh;
			shellScript = "\"${SRCROOT}/Pods/Target Support Files/Pods-landScreen/Pods-landScreen-frameworks.sh\"\n";
			showEnvVarsInLog = 0;
		};
		C3A15F90E0DF6E8EA03BA2C8 /* [CP] Check Pods Manifest.lock */ = {
			isa = PBXShellScriptBuildPhase;
			buildActionMask = 2147483647;
			files = (
			);
			inputPaths = (
			);
			name = "[CP] Check Pods Manifest.lock";
			outputPaths = (
			);
			runOnlyForDeploymentPostprocessing = 0;
			shellPath = /bin/sh;
			shellScript = "diff \"${PODS_ROOT}/../Podfile.lock\" \"${PODS_ROOT}/Manifest.lock\" > /dev/null\nif [[ $? != 0 ]] ; then\n    cat << EOM\nerror: The sandbox is not in sync with the Podfile.lock. Run 'pod install' or update your CocoaPods installation.\nEOM\n    exit 1\nfi\n";
			showEnvVarsInLog = 0;
		};
		C86F7DD3DDC7A3C1B9155A58 /* [CP] Copy Pods Resources */ = {
			isa = PBXShellScriptBuildPhase;
			buildActionMask = 2147483647;
			files = (
			);
			inputPaths = (
			);
			name = "[CP] Copy Pods Resources";
			outputPaths = (
			);
			runOnlyForDeploymentPostprocessing = 0;
			shellPath = /bin/sh;
			shellScript = "\"${SRCROOT}/Pods/Target Support Files/Pods-landScreen/Pods-landScreen-resources.sh\"\n";
			showEnvVarsInLog = 0;
		};
/* End PBXShellScriptBuildPhase section */

/* Begin PBXSourcesBuildPhase section */
		C0DD59271D6553B3002C911F /* Sources */ = {
			isa = PBXSourcesBuildPhase;
			buildActionMask = 2147483647;
			files = (
				C0DD59631D6553C9002C911F /* secondViewController.m in Sources */,
				C0DD59661D655EFA002C911F /* CustomNavigationController.m in Sources */,
				C0DD59691D656A98002C911F /* ThirdViewController.m in Sources */,
				C0DD59361D6553B3002C911F /* ViewController.m in Sources */,
				C0DD59331D6553B3002C911F /* AppDelegate.m in Sources */,
				C0DD596C1D657A26002C911F /* FourthViewController.m in Sources */,
				C0DD59301D6553B3002C911F /* main.m in Sources */,
			);
			runOnlyForDeploymentPostprocessing = 0;
		};
		C0DD59401D6553B3002C911F /* Sources */ = {
			isa = PBXSourcesBuildPhase;
			buildActionMask = 2147483647;
			files = (
				C0DD59491D6553B3002C911F /* landScreenTests.m in Sources */,
			);
			runOnlyForDeploymentPostprocessing = 0;
		};
		C0DD594B1D6553B3002C911F /* Sources */ = {
			isa = PBXSourcesBuildPhase;
			buildActionMask = 2147483647;
			files = (
				C0DD59541D6553B3002C911F /* landScreenUITests.m in Sources */,
			);
			runOnlyForDeploymentPostprocessing = 0;
		};
/* End PBXSourcesBuildPhase section */

/* Begin PBXTargetDependency section */
		C0DD59461D6553B3002C911F /* PBXTargetDependency */ = {
			isa = PBXTargetDependency;
			target = C0DD592A1D6553B3002C911F /* landScreen */;
			targetProxy = C0DD59451D6553B3002C911F /* PBXContainerItemProxy */;
		};
		C0DD59511D6553B3002C911F /* PBXTargetDependency */ = {
			isa = PBXTargetDependency;
			target = C0DD592A1D6553B3002C911F /* landScreen */;
			targetProxy = C0DD59501D6553B3002C911F /* PBXContainerItemProxy */;
		};
/* End PBXTargetDependency section */

/* Begin PBXVariantGroup section */
		C0DD59371D6553B3002C911F /* Main.storyboard */ = {
			isa = PBXVariantGroup;
			children = (
				C0DD59381D6553B3002C911F /* Base */,
			);
			name = Main.storyboard;
			sourceTree = "<group>";
		};
		C0DD593C1D6553B3002C911F /* LaunchScreen.storyboard */ = {
			isa = PBXVariantGroup;
			children = (
				C0DD593D1D6553B3002C911F /* Base */,
			);
			name = LaunchScreen.storyboard;
			sourceTree = "<group>";
		};
/* End PBXVariantGroup section */

/* Begin XCBuildConfiguration section */
		C0DD59561D6553B3002C911F /* Debug */ = {
			isa = XCBuildConfiguration;
			buildSettings = {
				ALWAYS_SEARCH_USER_PATHS = NO;
				CLANG_ANALYZER_NONNULL = YES;
				CLANG_CXX_LANGUAGE_STANDARD = "gnu++0x";
				CLANG_CXX_LIBRARY = "libc++";
				CLANG_ENABLE_MODULES = YES;
				CLANG_ENABLE_OBJC_ARC = YES;
				CLANG_WARN_BOOL_CONVERSION = YES;
				CLANG_WARN_CONSTANT_CONVERSION = YES;
				CLANG_WARN_DIRECT_OBJC_ISA_USAGE = YES_ERROR;
				CLANG_WARN_EMPTY_BODY = YES;
				CLANG_WARN_ENUM_CONVERSION = YES;
				CLANG_WARN_INT_CONVERSION = YES;
				CLANG_WARN_OBJC_ROOT_CLASS = YES_ERROR;
				CLANG_WARN_UNREACHABLE_CODE = YES;
				CLANG_WARN__DUPLICATE_METHOD_MATCH = YES;
				"CODE_SIGN_IDENTITY[sdk=iphoneos*]" = "iPhone Developer";
				COPY_PHASE_STRIP = NO;
				DEBUG_INFORMATION_FORMAT = dwarf;
				ENABLE_STRICT_OBJC_MSGSEND = YES;
				ENABLE_TESTABILITY = YES;
				GCC_C_LANGUAGE_STANDARD = gnu99;
				GCC_DYNAMIC_NO_PIC = NO;
				GCC_NO_COMMON_BLOCKS = YES;
				GCC_OPTIMIZATION_LEVEL = 0;
				GCC_PREPROCESSOR_DEFINITIONS = (
					"DEBUG=1",
					"$(inherited)",
				);
				GCC_WARN_64_TO_32_BIT_CONVERSION = YES;
				GCC_WARN_ABOUT_RETURN_TYPE = YES_ERROR;
				GCC_WARN_UNDECLARED_SELECTOR = YES;
				GCC_WARN_UNINITIALIZED_AUTOS = YES_AGGRESSIVE;
				GCC_WARN_UNUSED_FUNCTION = YES;
				GCC_WARN_UNUSED_VARIABLE = YES;
				IPHONEOS_DEPLOYMENT_TARGET = 9.3;
				MTL_ENABLE_DEBUG_INFO = YES;
				ONLY_ACTIVE_ARCH = YES;
				SDKROOT = iphoneos;
			};
			name = Debug;
		};
		C0DD59571D6553B3002C911F /* Release */ = {
			isa = XCBuildConfiguration;
			buildSettings = {
				ALWAYS_SEARCH_USER_PATHS = NO;
				CLANG_ANALYZER_NONNULL = YES;
				CLANG_CXX_LANGUAGE_STANDARD = "gnu++0x";
				CLANG_CXX_LIBRARY = "libc++";
				CLANG_ENABLE_MODULES = YES;
				CLANG_ENABLE_OBJC_ARC = YES;
				CLANG_WARN_BOOL_CONVERSION = YES;
				CLANG_WARN_CONSTANT_CONVERSION = YES;
				CLANG_WARN_DIRECT_OBJC_ISA_USAGE = YES_ERROR;
				CLANG_WARN_EMPTY_BODY = YES;
				CLANG_WARN_ENUM_CONVERSION = YES;
				CLANG_WARN_INT_CONVERSION = YES;
				CLANG_WARN_OBJC_ROOT_CLASS = YES_ERROR;
				CLANG_WARN_UNREACHABLE_CODE = YES;
				CLANG_WARN__DUPLICATE_METHOD_MATCH = YES;
				"CODE_SIGN_IDENTITY[sdk=iphoneos*]" = "iPhone Developer";
				COPY_PHASE_STRIP = NO;
				DEBUG_INFORMATION_FORMAT = "dwarf-with-dsym";
				ENABLE_NS_ASSERTIONS = NO;
				ENABLE_STRICT_OBJC_MSGSEND = YES;
				GCC_C_LANGUAGE_STANDARD = gnu99;
				GCC_NO_COMMON_BLOCKS = YES;
				GCC_WARN_64_TO_32_BIT_CONVERSION = YES;
				GCC_WARN_ABOUT_RETURN_TYPE = YES_ERROR;
				GCC_WARN_UNDECLARED_SELECTOR = YES;
				GCC_WARN_UNINITIALIZED_AUTOS = YES_AGGRESSIVE;
				GCC_WARN_UNUSED_FUNCTION = YES;
				GCC_WARN_UNUSED_VARIABLE = YES;
				IPHONEOS_DEPLOYMENT_TARGET = 9.3;
				MTL_ENABLE_DEBUG_INFO = NO;
				SDKROOT = iphoneos;
				VALIDATE_PRODUCT = YES;
			};
			name = Release;
		};
		C0DD59591D6553B3002C911F /* Debug */ = {
			isa = XCBuildConfiguration;
			baseConfigurationReference = D9A38313DF654DCA1AEEDB67 /* Pods-landScreen.debug.xcconfig */;
			buildSettings = {
				ASSETCATALOG_COMPILER_APPICON_NAME = AppIcon;
				INFOPLIST_FILE = landScreen/Info.plist;
				LD_RUNPATH_SEARCH_PATHS = "$(inherited) @executable_path/Frameworks";
				PRODUCT_BUNDLE_IDENTIFIER = com.Sunny.landScreen;
				PRODUCT_NAME = "$(TARGET_NAME)";
			};
			name = Debug;
		};
		C0DD595A1D6553B3002C911F /* Release */ = {
			isa = XCBuildConfiguration;
			baseConfigurationReference = D01564BB5823A19435D50C9F /* Pods-landScreen.release.xcconfig */;
			buildSettings = {
				ASSETCATALOG_COMPILER_APPICON_NAME = AppIcon;
				INFOPLIST_FILE = landScreen/Info.plist;
				LD_RUNPATH_SEARCH_PATHS = "$(inherited) @executable_path/Frameworks";
				PRODUCT_BUNDLE_IDENTIFIER = com.Sunny.landScreen;
				PRODUCT_NAME = "$(TARGET_NAME)";
			};
			name = Release;
		};
		C0DD595C1D6553B3002C911F /* Debug */ = {
			isa = XCBuildConfiguration;
			buildSettings = {
				BUNDLE_LOADER = "$(TEST_HOST)";
				INFOPLIST_FILE = landScreenTests/Info.plist;
				LD_RUNPATH_SEARCH_PATHS = "$(inherited) @executable_path/Frameworks @loader_path/Frameworks";
				PRODUCT_BUNDLE_IDENTIFIER = com.Sunny.landScreenTests;
				PRODUCT_NAME = "$(TARGET_NAME)";
				TEST_HOST = "$(BUILT_PRODUCTS_DIR)/landScreen.app/landScreen";
			};
			name = Debug;
		};
		C0DD595D1D6553B3002C911F /* Release */ = {
			isa = XCBuildConfiguration;
			buildSettings = {
				BUNDLE_LOADER = "$(TEST_HOST)";
				INFOPLIST_FILE = landScreenTests/Info.plist;
				LD_RUNPATH_SEARCH_PATHS = "$(inherited) @executable_path/Frameworks @loader_path/Frameworks";
				PRODUCT_BUNDLE_IDENTIFIER = com.Sunny.landScreenTests;
				PRODUCT_NAME = "$(TARGET_NAME)";
				TEST_HOST = "$(BUILT_PRODUCTS_DIR)/landScreen.app/landScreen";
			};
			name = Release;
		};
		C0DD595F1D6553B3002C911F /* Debug */ = {
			isa = XCBuildConfiguration;
			buildSettings = {
				INFOPLIST_FILE = landScreenUITests/Info.plist;
				LD_RUNPATH_SEARCH_PATHS = "$(inherited) @executable_path/Frameworks @loader_path/Frameworks";
				PRODUCT_BUNDLE_IDENTIFIER = com.Sunny.landScreenUITests;
				PRODUCT_NAME = "$(TARGET_NAME)";
				TEST_TARGET_NAME = landScreen;
			};
			name = Debug;
		};
		C0DD59601D6553B3002C911F /* Release */ = {
			isa = XCBuildConfiguration;
			buildSettings = {
				INFOPLIST_FILE = landScreenUITests/Info.plist;
				LD_RUNPATH_SEARCH_PATHS = "$(inherited) @executable_path/Frameworks @loader_path/Frameworks";
				PRODUCT_BUNDLE_IDENTIFIER = com.Sunny.landScreenUITests;
				PRODUCT_NAME = "$(TARGET_NAME)";
				TEST_TARGET_NAME = landScreen;
			};
			name = Release;
		};
/* End XCBuildConfiguration section */

/* Begin XCConfigurationList section */
		C0DD59261D6553B3002C911F /* Build configuration list for PBXProject "landScreen" */ = {
			isa = XCConfigurationList;
			buildConfigurations = (
				C0DD59561D6553B3002C911F /* Debug */,
				C0DD59571D6553B3002C911F /* Release */,
			);
			defaultConfigurationIsVisible = 0;
			defaultConfigurationName = Release;
		};
		C0DD59581D6553B3002C911F /* Build configuration list for PBXNativeTarget "landScreen" */ = {
			isa = XCConfigurationList;
			buildConfigurations = (
				C0DD59591D6553B3002C911F /* Debug */,
				C0DD595A1D6553B3002C911F /* Release */,
			);
			defaultConfigurationIsVisible = 0;
			defaultConfigurationName = Release;
		};
		C0DD595B1D6553B3002C911F /* Build configuration list for PBXNativeTarget "landScreenTests" */ = {
			isa = XCConfigurationList;
			buildConfigurations = (
				C0DD595C1D6553B3002C911F /* Debug */,
				C0DD595D1D6553B3002C911F /* Release */,
			);
			defaultConfigurationIsVisible = 0;
			defaultConfigurationName = Release;
		};
		C0DD595E1D6553B3002C911F /* Build configuration list for PBXNativeTarget "landScreenUITests" */ = {
			isa = XCConfigurationList;
			buildConfigurations = (
				C0DD595F1D6553B3002C911F /* Debug */,
				C0DD59601D6553B3002C911F /* Release */,
			);
			defaultConfigurationIsVisible = 0;
			defaultConfigurationName = Release;
		};
/* End XCConfigurationList section */
	};
	rootObject = C0DD59231D6553B3002C911F /* Project object */;
}
